
Microsoft Visual Studio Solution File, Format Version 12.00
Project("{FAE04EC0-301F-11D3-BF4B-00C04F79EFBC}") = "hack4good.Web", "hack4good.Web\hack4good.Web.csproj", "{9DFDB98A-C048-450C-941C-AF7E32476D1D}"
EndProject
Project("{FAE04EC0-301F-11D3-BF4B-00C04F79EFBC}") = "hack4good.Web.Models", "hack4good.Web.Models\hack4good.Web.Models.csproj", "{4F607EBF-0694-445C-82A6-44932D52F075}"
EndProject
Project("{FAE04EC0-301F-11D3-BF4B-00C04F79EFBC}") = "hack4good.BLL", "hack4good.BLL\hack4good.BLL.csproj", "{8CA723A0-F2E9-4901-89E3-A16B15EC8F14}"
EndProject
Project("{FAE04EC0-301F-11D3-BF4B-00C04F79EFBC}") = "hack4good.Infrastructure", "hack4good.Infrastructure\hack4good.Infrastructure.csproj", "{ED948339-5473-40A9-8939-2C0CA4BB46CF}"
EndProject
Project("{2150E333-8FDC-42A3-9474-1A3956D46DE8}") = "BuildConfig", "BuildConfig", "{05871482-E5A4-40BB-BE38-9FD0546015FD}"
	ProjectSection(SolutionItems) = preProject
		.dockerignore = .dockerignore
		docker-compose.yml = docker-compose.yml
		Dockerfile = Dockerfile
	EndProjectSection
EndProject
Project("{FAE04EC0-301F-11D3-BF4B-00C04F79EFBC}") = "hack4good.DAL", "hack4good.DAL\hack4good.DAL.csproj", "{3400CD2B-61E0-4903-944C-E1F49FE4210E}"
EndProject
Global
	GlobalSection(SolutionConfigurationPlatforms) = preSolution
		Debug|Any CPU = Debug|Any CPU
		Release|Any CPU = Release|Any CPU
	EndGlobalSection
	GlobalSection(ProjectConfigurationPlatforms) = postSolution
		{9DFDB98A-C048-450C-941C-AF7E32476D1D}.Debug|Any CPU.ActiveCfg = Debug|Any CPU
		{9DFDB98A-C048-450C-941C-AF7E32476D1D}.Debug|Any CPU.Build.0 = Debug|Any CPU
		{9DFDB98A-C048-450C-941C-AF7E32476D1D}.Release|Any CPU.ActiveCfg = Release|Any CPU
		{9DFDB98A-C048-450C-941C-AF7E32476D1D}.Release|Any CPU.Build.0 = Release|Any CPU
		{4F607EBF-0694-445C-82A6-44932D52F075}.Debug|Any CPU.ActiveCfg = Debug|Any CPU
		{4F607EBF-0694-445C-82A6-44932D52F075}.Debug|Any CPU.Build.0 = Debug|Any CPU
		{4F607EBF-0694-445C-82A6-44932D52F075}.Release|Any CPU.ActiveCfg = Release|Any CPU
		{4F607EBF-0694-445C-82A6-44932D52F075}.Release|Any CPU.Build.0 = Release|Any CPU
		{8CA723A0-F2E9-4901-89E3-A16B15EC8F14}.Debug|Any CPU.ActiveCfg = Debug|Any CPU
		{8CA723A0-F2E9-4901-89E3-A16B15EC8F14}.Debug|Any CPU.Build.0 = Debug|Any CPU
		{8CA723A0-F2E9-4901-89E3-A16B15EC8F14}.Release|Any CPU.ActiveCfg = Release|Any CPU
		{8CA723A0-F2E9-4901-89E3-A16B15EC8F14}.Release|Any CPU.Build.0 = Release|Any CPU
		{ED948339-5473-40A9-8939-2C0CA4BB46CF}.Debug|Any CPU.ActiveCfg = Debug|Any CPU
		{ED948339-5473-40A9-8939-2C0CA4BB46CF}.Debug|Any CPU.Build.0 = Debug|Any CPU
		{ED948339-5473-40A9-8939-2C0CA4BB46CF}.Release|Any CPU.ActiveCfg = Release|Any CPU
		{ED948339-5473-40A9-8939-2C0CA4BB46CF}.Release|Any CPU.Build.0 = Release|Any CPU
		{3400CD2B-61E0-4903-944C-E1F49FE4210E}.Debug|Any CPU.ActiveCfg = Debug|Any CPU
		{3400CD2B-61E0-4903-944C-E1F49FE4210E}.Debug|Any CPU.Build.0 = Debug|Any CPU
		{3400CD2B-61E0-4903-944C-E1F49FE4210E}.Release|Any CPU.ActiveCfg = Release|Any CPU
		{3400CD2B-61E0-4903-944C-E1F49FE4210E}.Release|Any CPU.Build.0 = Release|Any CPU
	EndGlobalSection
EndGlobal
